// !$*UTF8*$!
{
	archiveVersion = 1;
	classes = {
	};
	objectVersion = 77;
	objects = {

/* Begin PBXContainerItemProxy section */
		A821BF552EB26B91002E2293 /* PBXContainerItemProxy */ = {
			isa = PBXContainerItemProxy;
			containerPortal = A821BF362EB26B90002E2293 /* Project object */;
			proxyType = 1;
			remoteGlobalIDString = A821BF3D2EB26B90002E2293;
			remoteInfo = Goswami_TravelBooking;
		};
		A821BF5F2EB26B91002E2293 /* PBXContainerItemProxy */ = {
			isa = PBXContainerItemProxy;
			containerPortal = A821BF362EB26B90002E2293 /* Project object */;
			proxyType = 1;
			remoteGlobalIDString = A821BF3D2EB26B90002E2293;
			remoteInfo = Goswami_TravelBooking;
		};
/* End PBXContainerItemProxy section */

/* Begin PBXFileReference section */
		A821BF3E2EB26B90002E2293 /* Goswami_TravelBooking.app */ = {isa = PBXFileReference; explicitFileType = wrapper.application; includeInIndex = 0; path = Goswami_TravelBooking.app; sourceTree = BUILT_PRODUCTS_DIR; };
		A821BF542EB26B91002E2293 /* Goswami_TravelBookingTests.xctest */ = {isa = PBXFileReference; explicitFileType = wrapper.cfbundle; includeInIndex = 0; path = Goswami_TravelBookingTests.xctest; sourceTree = BUILT_PRODUCTS_DIR; };
		A821BF5E2EB26B91002E2293 /* Goswami_TravelBookingUITests.xctest */ = {isa = PBXFileReference; explicitFileType = wrapper.cfbundle; includeInIndex = 0; path = Goswami_TravelBookingUITests.xctest; sourceTree = BUILT_PRODUCTS_DIR; };
/* End PBXFileReference section */

/* Begin PBXFileSystemSynchronizedBuildFileExceptionSet section */
		A821BF662EB26B91002E2293 /* Exceptions for "Goswami_TravelBooking" folder in "Goswami_TravelBooking" target */ = {
			isa = PBXFileSystemSynchronizedBuildFileExceptionSet;
			membershipExceptions = (
				Info.plist,
			);
			target = A821BF3D2EB26B90002E2293 /* Goswami_TravelBooking */;
		};
/* End PBXFileSystemSynchronizedBuildFileExceptionSet section */

/* Begin PBXFileSystemSynchronizedRootGroup section */
		A821BF402EB26B90002E2293 /* Goswami_TravelBooking */ = {
			isa = PBXFileSystemSynchronizedRootGroup;
			exceptions = (
				A821BF662EB26B91002E2293 /* Exceptions for "Goswami_TravelBooking" folder in "Goswami_TravelBooking" target */,
			);
			path = Goswami_TravelBooking;
			sourceTree = "<group>";
		};
		A821BF572EB26B91002E2293 /* Goswami_TravelBookingTests */ = {
			isa = PBXFileSystemSynchronizedRootGroup;
			path = Goswami_TravelBookingTests;
			sourceTree = "<group>";
		};
		A821BF612EB26B91002E2293 /* Goswami_TravelBookingUITests */ = {
			isa = PBXFileSystemSynchronizedRootGroup;
			path = Goswami_TravelBookingUITests;
			sourceTree = "<group>";
		};
/* End PBXFileSystemSynchronizedRootGroup section */

/* Begin PBXFrameworksBuildPhase section */
		A821BF3B2EB26B90002E2293 /* Frameworks */ = {
			isa = PBXFrameworksBuildPhase;
			buildActionMask = 2147483647;
			files = (
			);
			runOnlyForDeploymentPostprocessing = 0;
		};
		A821BF512EB26B91002E2293 /* Frameworks */ = {
			isa = PBXFrameworksBuildPhase;
			buildActionMask = 2147483647;
			files = (
			);
			runOnlyForDeploymentPostprocessing = 0;
		};
		A821BF5B2EB26B91002E2293 /* Frameworks */ = {
			isa = PBXFrameworksBuildPhase;
			buildActionMask = 2147483647;
			files = (
			);
			runOnlyForDeploymentPostprocessing = 0;
		};
/* End PBXFrameworksBuildPhase section */

/* Begin PBXGroup section */
		A821BF352EB26B90002E2293 = {
			isa = PBXGroup;
			children = (
				A821BF402EB26B90002E2293 /* Goswami_TravelBooking */,
				A821BF572EB26B91002E2293 /* Goswami_TravelBookingTests */,
				A821BF612EB26B91002E2293 /* Goswami_TravelBookingUITests */,
				A821BF3F2EB26B90002E2293 /* Products */,
			);
			sourceTree = "<group>";
		};
		A821BF3F2EB26B90002E2293 /* Products */ = {
			isa = PBXGroup;
			children = (
				A821BF3E2EB26B90002E2293 /* Goswami_TravelBooking.app */,
				A821BF542EB26B91002E2293 /* Goswami_TravelBookingTests.xctest */,
				A821BF5E2EB26B91002E2293 /* Goswami_TravelBookingUITests.xctest */,
			);
			name = Products;
			sourceTree = "<group>";
		};
/* End PBXGroup section */

/* Begin PBXNativeTarget section */
		A821BF3D2EB26B90002E2293 /* Goswami_TravelBooking */ = {
			isa = PBXNativeTarget;
			buildConfigurationList = A821BF672EB26B91002E2293 /* Build configuration list for PBXNativeTarget "Goswami_TravelBooking" */;
			buildPhases = (
				A821BF3A2EB26B90002E2293 /* Sources */,
				A821BF3B2EB26B90002E2293 /* Frameworks */,
				A821BF3C2EB26B90002E2293 /* Resources */,
			);
			buildRules = (
			);
			dependencies = (
			);
			fileSystemSynchronizedGroups = (
				A821BF402EB26B90002E2293 /* Goswami_TravelBooking */,
			);
			name = Goswami_TravelBooking;
			packageProductDependencies = (
			);
			productName = Goswami_TravelBooking;
			productReference = A821BF3E2EB26B90002E2293 /* Goswami_TravelBooking.app */;
			productType = "com.apple.product-type.application";
		};
		A821BF532EB26B91002E2293 /* Goswami_TravelBookingTests */ = {
			isa = PBXNativeTarget;
			buildConfigurationList = A821BF6C2EB26B91002E2293 /* Build configuration list for PBXNativeTarget "Goswami_TravelBookingTests" */;
			buildPhases = (
				A821BF502EB26B91002E2293 /* Sources */,
				A821BF512EB26B91002E2293 /* Frameworks */,
				A821BF522EB26B91002E2293 /* Resources */,
			);
			buildRules = (
			);
			dependencies = (
				A821BF562EB26B91002E2293 /* PBXTargetDependency */,
			);
			fileSystemSynchronizedGroups = (
				A821BF572EB26B91002E2293 /* Goswami_TravelBookingTests */,
			);
			name = Goswami_TravelBookingTests;
			packageProductDependencies = (
			);
			productName = Goswami_TravelBookingTests;
			productReference = A821BF542EB26B91002E2293 /* Goswami_TravelBookingTests.xctest */;
			productType = "com.apple.product-type.bundle.unit-test";
		};
		A821BF5D2EB26B91002E2293 /* Goswami_TravelBookingUITests */ = {
			isa = PBXNativeTarget;
			buildConfigurationList = A821BF6F2EB26B91002E2293 /* Build configuration list for PBXNativeTarget "Goswami_TravelBookingUITests" */;
			buildPhases = (
				A821BF5A2EB26B91002E2293 /* Sources */,
				A821BF5B2EB26B91002E2293 /* Frameworks */,
				A821BF5C2EB26B91002E2293 /* Resources */,
			);
			buildRules = (
			);
			dependencies = (
				A821BF602EB26B91002E2293 /* PBXTargetDependency */,
			);
			fileSystemSynchronizedGroups = (
				A821BF612EB26B91002E2293 /* Goswami_TravelBookingUITests */,
			);
			name = Goswami_TravelBookingUITests;
			packageProductDependencies = (
			);
			productName = Goswami_TravelBookingUITests;
			productReference = A821BF5E2EB26B91002E2293 /* Goswami_TravelBookingUITests.xctest */;
			productType = "com.apple.product-type.bundle.ui-testing";
		};
/* End PBXNativeTarget section */

/* Begin PBXProject section */
		A821BF362EB26B90002E2293 /* Project object */ = {
			isa = PBXProject;
			attributes = {
				BuildIndependentTargetsInParallel = 1;
				LastSwiftUpdateCheck = 2600;
				LastUpgradeCheck = 2600;
				TargetAttributes = {
					A821BF3D2EB26B90002E2293 = {
						CreatedOnToolsVersion = 26.0.1;
					};
					A821BF532EB26B91002E2293 = {
						CreatedOnToolsVersion = 26.0.1;
						TestTargetID = A821BF3D2EB26B90002E2293;
					};
					A821BF5D2EB26B91002E2293 = {
						CreatedOnToolsVersion = 26.0.1;
						TestTargetID = A821BF3D2EB26B90002E2293;
					};
				};
			};
			buildConfigurationList = A821BF392EB26B90002E2293 /* Build configuration list for PBXProject "Goswami_TravelBooking" */;
			developmentRegion = en;
			hasScannedForEncodings = 0;
			knownRegions = (
				en,
				Base,
			);
			mainGroup = A821BF352EB26B90002E2293;
			minimizedProjectReferenceProxies = 1;
			preferredProjectObjectVersion = 77;
			productRefGroup = A821BF3F2EB26B90002E2293 /* Products */;
			projectDirPath = "";
			projectRoot = "";
			targets = (
				A821BF3D2EB26B90002E2293 /* Goswami_TravelBooking */,
				A821BF532EB26B91002E2293 /* Goswami_TravelBookingTests */,
				A821BF5D2EB26B91002E2293 /* Goswami_TravelBookingUITests */,
			);
		};
/* End PBXProject section */

/* Begin PBXResourcesBuildPhase section */
		A821BF3C2EB26B90002E2293 /* Resources */ = {
			isa = PBXResourcesBuildPhase;
			buildActionMask = 2147483647;
			files = (
			);
			runOnlyForDeploymentPostprocessing = 0;
		};
		A821BF522EB26B91002E2293 /* Resources */ = {
			isa = PBXResourcesBuildPhase;
			buildActionMask = 2147483647;
			files = (
			);
			runOnlyForDeploymentPostprocessing = 0;
		};
		A821BF5C2EB26B91002E2293 /* Resources */ = {
			isa = PBXResourcesBuildPhase;
			buildActionMask = 2147483647;
			files = (
			);
			runOnlyForDeploymentPostprocessing = 0;
		};
/* End PBXResourcesBuildPhase section */

/* Begin PBXSourcesBuildPhase section */
		A821BF3A2EB26B90002E2293 /* Sources */ = {
			isa = PBXSourcesBuildPhase;
			buildActionMask = 2147483647;
			files = (
			);
			runOnlyForDeploymentPostprocessing = 0;
		};
		A821BF502EB26B91002E2293 /* Sources */ = {
			isa = PBXSourcesBuildPhase;
			buildActionMask = 2147483647;
			files = (
			);
			runOnlyForDeploymentPostprocessing = 0;
		};
		A821BF5A2EB26B91002E2293 /* Sources */ = {
			isa = PBXSourcesBuildPhase;
			buildActionMask = 2147483647;
			files = (
			);
			runOnlyForDeploymentPostprocessing = 0;
		};
/* End PBXSourcesBuildPhase section */

/* Begin PBXTargetDependency section */
		A821BF562EB26B91002E2293 /* PBXTargetDependency */ = {
			isa = PBXTargetDependency;
			target = A821BF3D2EB26B90002E2293 /* Goswami_TravelBooking */;
			targetProxy = A821BF552EB26B91002E2293 /* PBXContainerItemProxy */;
		};
		A821BF602EB26B91002E2293 /* PBXTargetDependency */ = {
			isa = PBXTargetDependency;
			target = A821BF3D2EB26B90002E2293 /* Goswami_TravelBooking */;
			targetProxy = A821BF5F2EB26B91002E2293 /* PBXContainerItemProxy */;
		};
/* End PBXTargetDependency section */

/* Begin XCBuildConfiguration section */
		A821BF682EB26B91002E2293 /* Debug */ = {
			isa = XCBuildConfiguration;
			buildSettings = {
				ASSETCATALOG_COMPILER_APPICON_NAME = AppIcon;
				ASSETCATALOG_COMPILER_GLOBAL_ACCENT_COLOR_NAME = AccentColor;
				CODE_SIGN_STYLE = Automatic;
				CURRENT_PROJECT_VERSION = 1;
				GENERATE_INFOPLIST_FILE = YES;
				INFOPLIST_FILE = Goswami_TravelBooking/Info.plist;
				INFOPLIST_KEY_UIApplicationSupportsIndirectInputEvents = YES;
				INFOPLIST_KEY_UILaunchStoryboardName = LaunchScreen;
				INFOPLIST_KEY_UIMainStoryboardFile = Main;
				INFOPLIST_KEY_UISupportedInterfaceOrientations_iPad = "UIInterfaceOrientationPortrait UIInterfaceOrientationPortraitUpsideDown UIInterfaceOrientationLandscapeLeft UIInterfaceOrientationLandscapeRight";
				INFOPLIST_KEY_UISupportedInterfaceOrientations_iPhone = "UIInterfaceOrientationPortrait UIInterfaceOrientationLandscapeLeft UIInterfaceOrientationLandscapeRight";
				IPHONEOS_DEPLOYMENT_TARGET = 15.6;
				LD_RUNPATH_SEARCH_PATHS = (
					"$(inherited)",
					"@executable_path/Frameworks",
				);
				MARKETING_VERSION = 1.0;
				PRODUCT_BUNDLE_IDENTIFIER = "nwmsu.Goswami-TravelBooking";
				PRODUCT_NAME = "$(TARGET_NAME)";
				STRING_CATALOG_GENERATE_SYMBOLS = YES;
				SWIFT_APPROACHABLE_CONCURRENCY = YES;
				SWIFT_DEFAULT_ACTOR_ISOLATION = MainActor;
				SWIFT_EMIT_LOC_STRINGS = YES;
				SWIFT_UPCOMING_FEATURE_MEMBER_IMPORT_VISIBILITY = YES;
				SWIFT_VERSION = 5.0;
				TARGETED_DEVICE_FAMILY = "1,2";
			};
			name = Debug;
		};
		A821BF692EB26B91002E2293 /* Release */ = {
			isa = XCBuildConfiguration;
			buildSettings = {
				ASSETCATALOG_COMPILER_APPICON_NAME = AppIcon;
				ASSETCATALOG_COMPILER_GLOBAL_ACCENT_COLOR_NAME = AccentColor;
				CODE_SIGN_STYLE = Automatic;
				CURRENT_PROJECT_VERSION = 1;
				GENERATE_INFOPLIST_FILE = YES;
				INFOPLIST_FILE = Goswami_TravelBooking/Info.plist;
				INFOPLIST_KEY_UIApplicationSupportsIndirectInputEvents = YES;
				INFOPLIST_KEY_UILaunchStoryboardName = LaunchScreen;
				INFOPLIST_KEY_UIMainStoryboardFile = Main;
				INFOPLIST_KEY_UISupportedInterfaceOrientations_iPad = "UIInterfaceOrientationPortrait UIInterfaceOrientationPortraitUpsideDown UIInterfaceOrientationLandscapeLeft UIInterfaceOrientationLandscapeRight";
				INFOPLIST_KEY_UISupportedInterfaceOrientations_iPhone = "UIInterfaceOrientationPortrait UIInterfaceOrientationLandscapeLeft UIInterfaceOrientationLandscapeRight";
				IPHONEOS_DEPLOYMENT_TARGET = 15.6;
				LD_RUNPATH_SEARCH_PATHS = (
					"$(inherited)",
					"@executable_path/Frameworks",
				);
				MARKETING_VERSION = 1.0;
				PRODUCT_BUNDLE_IDENTIFIER = "nwmsu.Goswami-TravelBooking";
				PRODUCT_NAME = "$(TARGET_NAME)";
				STRING_CATALOG_GENERATE_SYMBOLS = YES;
				SWIFT_APPROACHABLE_CONCURRENCY = YES;
				SWIFT_DEFAULT_ACTOR_ISOLATION = MainActor;
				SWIFT_EMIT_LOC_STRINGS = YES;
				SWIFT_UPCOMING_FEATURE_MEMBER_IMPORT_VISIBILITY = YES;
				SWIFT_VERSION = 5.0;
				TARGETED_DEVICE_FAMILY = "1,2";
			};
			name = Release;
		};
		A821BF6A2EB26B91002E2293 /* Debug */ = {
			isa = XCBuildConfiguration;
			buildSettings = {
				ALWAYS_SEARCH_USER_PATHS = NO;
				ASSETCATALOG_COMPILER_GENERATE_SWIFT_ASSET_SYMBOL_EXTENSIONS = YES;
				CLANG_ANALYZER_NONNULL = YES;
				CLANG_ANALYZER_NUMBER_OBJECT_CONVERSION = YES_AGGRESSIVE;
				CLANG_CXX_LANGUAGE_STANDARD = "gnu++20";
				CLANG_ENABLE_MODULES = YES;
				CLANG_ENABLE_OBJC_ARC = YES;
				CLANG_ENABLE_OBJC_WEAK = YES;
				CLANG_WARN_BLOCK_CAPTURE_AUTORELEASING = YES;
				CLANG_WARN_BOOL_CONVERSION = YES;
				CLANG_WARN_COMMA = YES;
				CLANG_WARN_CONSTANT_CONVERSION = YES;
				CLANG_WARN_DEPRECATED_OBJC_IMPLEMENTATIONS = YES;
				CLANG_WARN_DIRECT_OBJC_ISA_USAGE = YES_ERROR;
				CLANG_WARN_DOCUMENTATION_COMMENTS = YES;
				CLANG_WARN_EMPTY_BODY = YES;
				CLANG_WARN_ENUM_CONVERSION = YES;
				CLANG_WARN_INFINITE_RECURSION = YES;
				CLANG_WARN_INT_CONVERSION = YES;
				CLANG_WARN_NON_LITERAL_NULL_CONVERSION = YES;
				CLANG_WARN_OBJC_IMPLICIT_RETAIN_SELF = YES;
				CLANG_WARN_OBJC_LITERAL_CONVERSION = YES;
				CLANG_WARN_OBJC_ROOT_CLASS = YES_ERROR;
				CLANG_WARN_QUOTED_INCLUDE_IN_FRAMEWORK_HEADER = YES;
				CLANG_WARN_RANGE_LOOP_ANALYSIS = YES;
				CLANG_WARN_STRICT_PROTOTYPES = YES;
				CLANG_WARN_SUSPICIOUS_MOVE = YES;
				CLANG_WARN_UNGUARDED_AVAILABILITY = YES_AGGRESSIVE;
				CLANG_WARN_UNREACHABLE_CODE = YES;
				CLANG_WARN__DUPLICATE_METHOD_MATCH = YES;
				COPY_PHASE_STRIP = NO;
				DEBUG_INFORMATION_FORMAT = dwarf;
				ENABLE_STRICT_OBJC_MSGSEND = YES;
				ENABLE_TESTABILITY = YES;
				ENABLE_USER_SCRIPT_SANDBOXING = YES;
				GCC_C_LANGUAGE_STANDARD = gnu17;
				GCC_DYNAMIC_NO_PIC = NO;
				GCC_NO_COMMON_BLOCKS = YES;
				GCC_OPTIMIZATION_LEVEL = 0;
				GCC_PREPROCESSOR_DEFINITIONS = (
					"DEBUG=1",
					"$(inherited)",
				);
				GCC_WARN_64_TO_32_BIT_CONVERSION = YES;
				GCC_WARN_ABOUT_RETURN_TYPE = YES_ERROR;
				GCC_WARN_UNDECLARED_SELECTOR = YES;
				GCC_WARN_UNINITIALIZED_AUTOS = YES_AGGRESSIVE;
				GCC_WARN_UNUSED_FUNCTION = YES;
				GCC_WARN_UNUSED_VARIABLE = YES;
				IPHONEOS_DEPLOYMENT_TARGET = 26.0;
				LOCALIZATION_PREFERS_STRING_CATALOGS = YES;
				MTL_ENABLE_DEBUG_INFO = INCLUDE_SOURCE;
				MTL_FAST_MATH = YES;
				ONLY_ACTIVE_ARCH = YES;
				SDKROOT = iphoneos;
				SWIFT_ACTIVE_COMPILATION_CONDITIONS = "DEBUG $(inherited)";
				SWIFT_OPTIMIZATION_LEVEL = "-Onone";
			};
			name = Debug;
		};
		A821BF6B2EB26B91002E2293 /* Release */ = {
			isa = XCBuildConfiguration;
			buildSettings = {
				ALWAYS_SEARCH_USER_PATHS = NO;
				ASSETCATALOG_COMPILER_GENERATE_SWIFT_ASSET_SYMBOL_EXTENSIONS = YES;
				CLANG_ANALYZER_NONNULL = YES;
				CLANG_ANALYZER_NUMBER_OBJECT_CONVERSION = YES_AGGRESSIVE;
				CLANG_CXX_LANGUAGE_STANDARD = "gnu++20";
				CLANG_ENABLE_MODULES = YES;
				CLANG_ENABLE_OBJC_ARC = YES;
				CLANG_ENABLE_OBJC_WEAK = YES;
				CLANG_WARN_BLOCK_CAPTURE_AUTORELEASING = YES;
				CLANG_WARN_BOOL_CONVERSION = YES;
				CLANG_WARN_COMMA = YES;
				CLANG_WARN_CONSTANT_CONVERSION = YES;
				CLANG_WARN_DEPRECATED_OBJC_IMPLEMENTATIONS = YES;
				CLANG_WARN_DIRECT_OBJC_ISA_USAGE = YES_ERROR;
				CLANG_WARN_DOCUMENTATION_COMMENTS = YES;
				CLANG_WARN_EMPTY_BODY = YES;
				CLANG_WARN_ENUM_CONVERSION = YES;
				CLANG_WARN_INFINITE_RECURSION = YES;
				CLANG_WARN_INT_CONVERSION = YES;
				CLANG_WARN_NON_LITERAL_NULL_CONVERSION = YES;
				CLANG_WARN_OBJC_IMPLICIT_RETAIN_SELF = YES;
				CLANG_WARN_OBJC_LITERAL_CONVERSION = YES;
				CLANG_WARN_OBJC_ROOT_CLASS = YES_ERROR;
				CLANG_WARN_QUOTED_INCLUDE_IN_FRAMEWORK_HEADER = YES;
				CLANG_WARN_RANGE_LOOP_ANALYSIS = YES;
				CLANG_WARN_STRICT_PROTOTYPES = YES;
				CLANG_WARN_SUSPICIOUS_MOVE = YES;
				CLANG_WARN_UNGUARDED_AVAILABILITY = YES_AGGRESSIVE;
				CLANG_WARN_UNREACHABLE_CODE = YES;
				CLANG_WARN__DUPLICATE_METHOD_MATCH = YES;
				COPY_PHASE_STRIP = NO;
				DEBUG_INFORMATION_FORMAT = "dwarf-with-dsym";
				ENABLE_NS_ASSERTIONS = NO;
				ENABLE_STRICT_OBJC_MSGSEND = YES;
				ENABLE_USER_SCRIPT_SANDBOXING = YES;
				GCC_C_LANGUAGE_STANDARD = gnu17;
				GCC_NO_COMMON_BLOCKS = YES;
				GCC_WARN_64_TO_32_BIT_CONVERSION = YES;
				GCC_WARN_ABOUT_RETURN_TYPE = YES_ERROR;
				GCC_WARN_UNDECLARED_SELECTOR = YES;
				GCC_WARN_UNINITIALIZED_AUTOS = YES_AGGRESSIVE;
				GCC_WARN_UNUSED_FUNCTION = YES;
				GCC_WARN_UNUSED_VARIABLE = YES;
				IPHONEOS_DEPLOYMENT_TARGET = 26.0;
				LOCALIZATION_PREFERS_STRING_CATALOGS = YES;
				MTL_ENABLE_DEBUG_INFO = NO;
				MTL_FAST_MATH = YES;
				SDKROOT = iphoneos;
				SWIFT_COMPILATION_MODE = wholemodule;
				VALIDATE_PRODUCT = YES;
			};
			name = Release;
		};
		A821BF6D2EB26B91002E2293 /* Debug */ = {
			isa = XCBuildConfiguration;
			buildSettings = {
				BUNDLE_LOADER = "$(TEST_HOST)";
				CODE_SIGN_STYLE = Automatic;
				CURRENT_PROJECT_VERSION = 1;
				GENERATE_INFOPLIST_FILE = YES;
				IPHONEOS_DEPLOYMENT_TARGET = 26.0;
				MARKETING_VERSION = 1.0;
				PRODUCT_BUNDLE_IDENTIFIER = "nwmsu.Goswami-TravelBookingTests";
				PRODUCT_NAME = "$(TARGET_NAME)";
				STRING_CATALOG_GENERATE_SYMBOLS = NO;
				SWIFT_APPROACHABLE_CONCURRENCY = YES;
				SWIFT_EMIT_LOC_STRINGS = NO;
				SWIFT_UPCOMING_FEATURE_MEMBER_IMPORT_VISIBILITY = YES;
				SWIFT_VERSION = 5.0;
				TARGETED_DEVICE_FAMILY = "1,2";
				TEST_HOST = "$(BUILT_PRODUCTS_DIR)/Goswami_TravelBooking.app/$(BUNDLE_EXECUTABLE_FOLDER_PATH)/Goswami_TravelBooking";
			};
			name = Debug;
		};
		A821BF6E2EB26B91002E2293 /* Release */ = {
			isa = XCBuildConfiguration;
			buildSettings = {
				BUNDLE_LOADER = "$(TEST_HOST)";
				CODE_SIGN_STYLE = Automatic;
				CURRENT_PROJECT_VERSION = 1;
				GENERATE_INFOPLIST_FILE = YES;
				IPHONEOS_DEPLOYMENT_TARGET = 26.0;
				MARKETING_VERSION = 1.0;
				PRODUCT_BUNDLE_IDENTIFIER = "nwmsu.Goswami-TravelBookingTests";
				PRODUCT_NAME = "$(TARGET_NAME)";
				STRING_CATALOG_GENERATE_SYMBOLS = NO;
				SWIFT_APPROACHABLE_CONCURRENCY = YES;
				SWIFT_EMIT_LOC_STRINGS = NO;
				SWIFT_UPCOMING_FEATURE_MEMBER_IMPORT_VISIBILITY = YES;
				SWIFT_VERSION = 5.0;
				TARGETED_DEVICE_FAMILY = "1,2";
				TEST_HOST = "$(BUILT_PRODUCTS_DIR)/Goswami_TravelBooking.app/$(BUNDLE_EXECUTABLE_FOLDER_PATH)/Goswami_TravelBooking";
			};
			name = Release;
		};
		A821BF702EB26B91002E2293 /* Debug */ = {
			isa = XCBuildConfiguration;
			buildSettings = {
				CODE_SIGN_STYLE = Automatic;
				CURRENT_PROJECT_VERSION = 1;
				GENERATE_INFOPLIST_FILE = YES;
				MARKETING_VERSION = 1.0;
				PRODUCT_BUNDLE_IDENTIFIER = "nwmsu.Goswami-TravelBookingUITests";
				PRODUCT_NAME = "$(TARGET_NAME)";
				STRING_CATALOG_GENERATE_SYMBOLS = NO;
				SWIFT_APPROACHABLE_CONCURRENCY = YES;
				SWIFT_EMIT_LOC_STRINGS = NO;
				SWIFT_UPCOMING_FEATURE_MEMBER_IMPORT_VISIBILITY = YES;
				SWIFT_VERSION = 5.0;
				TARGETED_DEVICE_FAMILY = "1,2";
				TEST_TARGET_NAME = Goswami_TravelBooking;
			};
			name = Debug;
		};
		A821BF712EB26B91002E2293 /* Release */ = {
			isa = XCBuildConfiguration;
			buildSettings = {
				CODE_SIGN_STYLE = Automatic;
				CURRENT_PROJECT_VERSION = 1;
				GENERATE_INFOPLIST_FILE = YES;
				MARKETING_VERSION = 1.0;
				PRODUCT_BUNDLE_IDENTIFIER = "nwmsu.Goswami-TravelBookingUITests";
				PRODUCT_NAME = "$(TARGET_NAME)";
				STRING_CATALOG_GENERATE_SYMBOLS = NO;
				SWIFT_APPROACHABLE_CONCURRENCY = YES;
				SWIFT_EMIT_LOC_STRINGS = NO;
				SWIFT_UPCOMING_FEATURE_MEMBER_IMPORT_VISIBILITY = YES;
				SWIFT_VERSION = 5.0;
				TARGETED_DEVICE_FAMILY = "1,2";
				TEST_TARGET_NAME = Goswami_TravelBooking;
			};
			name = Release;
		};
/* End XCBuildConfiguration section */

/* Begin XCConfigurationList section */
		A821BF392EB26B90002E2293 /* Build configuration list for PBXProject "Goswami_TravelBooking" */ = {
			isa = XCConfigurationList;
			buildConfigurations = (
				A821BF6A2EB26B91002E2293 /* Debug */,
				A821BF6B2EB26B91002E2293 /* Release */,
			);
			defaultConfigurationIsVisible = 0;
			defaultConfigurationName = Release;
		};
		A821BF672EB26B91002E2293 /* Build configuration list for PBXNativeTarget "Goswami_TravelBooking" */ = {
			isa = XCConfigurationList;
			buildConfigurations = (
				A821BF682EB26B91002E2293 /* Debug */,
				A821BF692EB26B91002E2293 /* Release */,
			);
			defaultConfigurationIsVisible = 0;
			defaultConfigurationName = Release;
		};
		A821BF6C2EB26B91002E2293 /* Build configuration list for PBXNativeTarget "Goswami_TravelBookingTests" */ = {
			isa = XCConfigurationList;
			buildConfigurations = (
				A821BF6D2EB26B91002E2293 /* Debug */,
				A821BF6E2EB26B91002E2293 /* Release */,
			);
			defaultConfigurationIsVisible = 0;
			defaultConfigurationName = Release;
		};
		A821BF6F2EB26B91002E2293 /* Build configuration list for PBXNativeTarget "Goswami_TravelBookingUITests" */ = {
			isa = XCConfigurationList;
			buildConfigurations = (
				A821BF702EB26B91002E2293 /* Debug */,
				A821BF712EB26B91002E2293 /* Release */,
			);
			defaultConfigurationIsVisible = 0;
			defaultConfigurationName = Release;
		};
/* End XCConfigurationList section */
	};
	rootObject = A821BF362EB26B90002E2293 /* Project object */;
}
